// !$*UTF8*$!
{
	archiveVersion = 1;
	classes = {
	};
	objectVersion = 56;
	objects = {

/* Begin PBXBuildFile section */
		7BAA84452A728DE40029BF44 /* AwesomePhotoRedactorApp.swift in Sources */ = {isa = PBXBuildFile; fileRef = 7BAA84442A728DE40029BF44 /* AwesomePhotoRedactorApp.swift */; };
		7BAA84472A728DE40029BF44 /* PhotoRedactorView.swift in Sources */ = {isa = PBXBuildFile; fileRef = 7BAA84462A728DE40029BF44 /* PhotoRedactorView.swift */; };
		7BAA84492A728DE50029BF44 /* Assets.xcassets in Resources */ = {isa = PBXBuildFile; fileRef = 7BAA84482A728DE50029BF44 /* Assets.xcassets */; };
		7BAA844C2A728DE50029BF44 /* Preview Assets.xcassets in Resources */ = {isa = PBXBuildFile; fileRef = 7BAA844B2A728DE50029BF44 /* Preview Assets.xcassets */; };
		7BAA84532A737F9A0029BF44 /* FilterKernel.ci.metal in Sources */ = {isa = PBXBuildFile; fileRef = 7BAA84522A737F9A0029BF44 /* FilterKernel.ci.metal */; };
		7BAA84562A73831F0029BF44 /* PhotoRedactorViewModel.swift in Sources */ = {isa = PBXBuildFile; fileRef = 7BAA84552A73831F0029BF44 /* PhotoRedactorViewModel.swift */; };
		7BDF9BC22A75179300C01053 /* README.md in Resources */ = {isa = PBXBuildFile; fileRef = 7BDF9BC12A75179300C01053 /* README.md */; };
		7BF8B66D2A74F50F0030EC36 /* ImageFilter.swift in Sources */ = {isa = PBXBuildFile; fileRef = 7BF8B66C2A74F50F0030EC36 /* ImageFilter.swift */; };
		7BF8B66F2A74F5750030EC36 /* BrightnessFilter.swift in Sources */ = {isa = PBXBuildFile; fileRef = 7BF8B66E2A74F5750030EC36 /* BrightnessFilter.swift */; };
		7BF8B6742A74F8EA0030EC36 /* UIImage+stub.swift in Sources */ = {isa = PBXBuildFile; fileRef = 7BF8B6732A74F8EA0030EC36 /* UIImage+stub.swift */; };
/* End PBXBuildFile section */

/* Begin PBXBuildRule section */
		7BAA845A2A73A7770029BF44 /* PBXBuildRule */ = {
			isa = PBXBuildRule;
			compilerSpec = com.apple.compilers.proxy.script;
			filePatterns = "*.ci.air";
			fileType = pattern.proxy;
			inputFiles = (
			);
			isEditable = 1;
			outputFiles = (
				"$(METAL_LIBRARY_OUTPUT_DIR)/$(INPUT_FILE_BASE).metallib",
			);
			script = "xcrun metallib -cikernel \"${INPUT_FILE_PATH}\" -o \"${SCRIPT_OUTPUT_FILE_0}\"\n";
		};
		7BAA845B2A73A7910029BF44 /* PBXBuildRule */ = {
			isa = PBXBuildRule;
			compilerSpec = com.apple.compilers.proxy.script;
			filePatterns = ci.metal;
			fileType = pattern.proxy;
			inputFiles = (
			);
			isEditable = 1;
			outputFiles = (
				"$(DERIVED_FILE_DIR)/$(INPUT_FILE_BASE).air",
			);
			script = "xcrun metal -c -fcikernel \"${INPUT_FILE_PATH}\" -o \"${SCRIPT_OUTPUT_FILE_0}\"\n";
		};
/* End PBXBuildRule section */

/* Begin PBXFileReference section */
		7BAA84412A728DE40029BF44 /* AwesomePhotoRedactor.app */ = {isa = PBXFileReference; explicitFileType = wrapper.application; includeInIndex = 0; path = AwesomePhotoRedactor.app; sourceTree = BUILT_PRODUCTS_DIR; };
		7BAA84442A728DE40029BF44 /* AwesomePhotoRedactorApp.swift */ = {isa = PBXFileReference; lastKnownFileType = sourcecode.swift; path = AwesomePhotoRedactorApp.swift; sourceTree = "<group>"; };
		7BAA84462A728DE40029BF44 /* PhotoRedactorView.swift */ = {isa = PBXFileReference; lastKnownFileType = sourcecode.swift; path = PhotoRedactorView.swift; sourceTree = "<group>"; };
		7BAA84482A728DE50029BF44 /* Assets.xcassets */ = {isa = PBXFileReference; lastKnownFileType = folder.assetcatalog; path = Assets.xcassets; sourceTree = "<group>"; };
		7BAA844B2A728DE50029BF44 /* Preview Assets.xcassets */ = {isa = PBXFileReference; lastKnownFileType = folder.assetcatalog; path = "Preview Assets.xcassets"; sourceTree = "<group>"; };
		7BAA84522A737F9A0029BF44 /* FilterKernel.ci.metal */ = {isa = PBXFileReference; lastKnownFileType = sourcecode.metal; path = FilterKernel.ci.metal; sourceTree = "<group>"; };
		7BAA84552A73831F0029BF44 /* PhotoRedactorViewModel.swift */ = {isa = PBXFileReference; lastKnownFileType = sourcecode.swift; path = PhotoRedactorViewModel.swift; sourceTree = "<group>"; };
		7BDF9BC12A75179300C01053 /* README.md */ = {isa = PBXFileReference; fileEncoding = 4; lastKnownFileType = net.daringfireball.markdown; path = README.md; sourceTree = "<group>"; };
		7BF8B66C2A74F50F0030EC36 /* ImageFilter.swift */ = {isa = PBXFileReference; lastKnownFileType = sourcecode.swift; path = ImageFilter.swift; sourceTree = "<group>"; };
		7BF8B66E2A74F5750030EC36 /* BrightnessFilter.swift */ = {isa = PBXFileReference; lastKnownFileType = sourcecode.swift; path = BrightnessFilter.swift; sourceTree = "<group>"; };
		7BF8B6732A74F8EA0030EC36 /* UIImage+stub.swift */ = {isa = PBXFileReference; lastKnownFileType = sourcecode.swift; path = "UIImage+stub.swift"; sourceTree = "<group>"; };
/* End PBXFileReference section */

/* Begin PBXFrameworksBuildPhase section */
		7BAA843E2A728DE40029BF44 /* Frameworks */ = {
			isa = PBXFrameworksBuildPhase;
			buildActionMask = 2147483647;
			files = (
			);
			runOnlyForDeploymentPostprocessing = 0;
		};
/* End PBXFrameworksBuildPhase section */

/* Begin PBXGroup section */
		7B0446B62A74EF6300D62AFC /* Resources */ = {
			isa = PBXGroup;
			children = (
				7BAA84482A728DE50029BF44 /* Assets.xcassets */,
			);
			path = Resources;
			sourceTree = "<group>";
		};
		7BAA84382A728DE40029BF44 = {
			isa = PBXGroup;
			children = (
				7BDF9BC12A75179300C01053 /* README.md */,
				7BAA84432A728DE40029BF44 /* AwesomePhotoRedactor */,
				7BAA84422A728DE40029BF44 /* Products */,
			);
			sourceTree = "<group>";
		};
		7BAA84422A728DE40029BF44 /* Products */ = {
			isa = PBXGroup;
			children = (
				7BAA84412A728DE40029BF44 /* AwesomePhotoRedactor.app */,
			);
			name = Products;
			sourceTree = "<group>";
		};
		7BAA84432A728DE40029BF44 /* AwesomePhotoRedactor */ = {
			isa = PBXGroup;
			children = (
				7BF8B6722A74F8D30030EC36 /* Utils */,
				7BF8B66A2A74F1D20030EC36 /* Metal */,
				7B0446B62A74EF6300D62AFC /* Resources */,
				7BF8B66B2A74F4FE0030EC36 /* ImageFilters */,
				7BF8B6702A74F6270030EC36 /* Scenes */,
				7BAA84442A728DE40029BF44 /* AwesomePhotoRedactorApp.swift */,
				7BAA844A2A728DE50029BF44 /* Preview Content */,
			);
			path = AwesomePhotoRedactor;
			sourceTree = "<group>";
		};
		7BAA844A2A728DE50029BF44 /* Preview Content */ = {
			isa = PBXGroup;
			children = (
				7BAA844B2A728DE50029BF44 /* Preview Assets.xcassets */,
			);
			path = "Preview Content";
			sourceTree = "<group>";
		};
		7BF8B66A2A74F1D20030EC36 /* Metal */ = {
			isa = PBXGroup;
			children = (
				7BAA84522A737F9A0029BF44 /* FilterKernel.ci.metal */,
			);
			path = Metal;
			sourceTree = "<group>";
		};
		7BF8B66B2A74F4FE0030EC36 /* ImageFilters */ = {
			isa = PBXGroup;
			children = (
				7BF8B66C2A74F50F0030EC36 /* ImageFilter.swift */,
				7BF8B66E2A74F5750030EC36 /* BrightnessFilter.swift */,
			);
			path = ImageFilters;
			sourceTree = "<group>";
		};
		7BF8B6702A74F6270030EC36 /* Scenes */ = {
			isa = PBXGroup;
			children = (
				7BF8B6712A74F6400030EC36 /* PhotoRedactorView */,
			);
			path = Scenes;
			sourceTree = "<group>";
		};
		7BF8B6712A74F6400030EC36 /* PhotoRedactorView */ = {
			isa = PBXGroup;
			children = (
				7BAA84462A728DE40029BF44 /* PhotoRedactorView.swift */,
				7BAA84552A73831F0029BF44 /* PhotoRedactorViewModel.swift */,
			);
			path = PhotoRedactorView;
			sourceTree = "<group>";
		};
		7BF8B6722A74F8D30030EC36 /* Utils */ = {
			isa = PBXGroup;
			children = (
				7BF8B6732A74F8EA0030EC36 /* UIImage+stub.swift */,
			);
			path = Utils;
			sourceTree = "<group>";
		};
/* End PBXGroup section */

/* Begin PBXNativeTarget section */
		7BAA84402A728DE40029BF44 /* AwesomePhotoRedactor */ = {
			isa = PBXNativeTarget;
			buildConfigurationList = 7BAA844F2A728DE50029BF44 /* Build configuration list for PBXNativeTarget "AwesomePhotoRedactor" */;
			buildPhases = (
				7BAA843D2A728DE40029BF44 /* Sources */,
				7BAA843E2A728DE40029BF44 /* Frameworks */,
				7BAA843F2A728DE40029BF44 /* Resources */,
			);
			buildRules = (
				7BAA845B2A73A7910029BF44 /* PBXBuildRule */,
				7BAA845A2A73A7770029BF44 /* PBXBuildRule */,
			);
			dependencies = (
			);
			name = AwesomePhotoRedactor;
			productName = AwesomePhotoRedactor;
			productReference = 7BAA84412A728DE40029BF44 /* AwesomePhotoRedactor.app */;
			productType = "com.apple.product-type.application";
		};
/* End PBXNativeTarget section */

/* Begin PBXProject section */
		7BAA84392A728DE40029BF44 /* Project object */ = {
			isa = PBXProject;
			attributes = {
				BuildIndependentTargetsInParallel = 1;
				LastSwiftUpdateCheck = 1420;
				LastUpgradeCheck = 1420;
				TargetAttributes = {
					7BAA84402A728DE40029BF44 = {
						CreatedOnToolsVersion = 14.2;
					};
				};
			};
			buildConfigurationList = 7BAA843C2A728DE40029BF44 /* Build configuration list for PBXProject "AwesomePhotoRedactor" */;
			compatibilityVersion = "Xcode 14.0";
			developmentRegion = en;
			hasScannedForEncodings = 0;
			knownRegions = (
				en,
				Base,
			);
			mainGroup = 7BAA84382A728DE40029BF44;
			productRefGroup = 7BAA84422A728DE40029BF44 /* Products */;
			projectDirPath = "";
			projectRoot = "";
			targets = (
				7BAA84402A728DE40029BF44 /* AwesomePhotoRedactor */,
			);
		};
/* End PBXProject section */

/* Begin PBXResourcesBuildPhase section */
		7BAA843F2A728DE40029BF44 /* Resources */ = {
			isa = PBXResourcesBuildPhase;
			buildActionMask = 2147483647;
			files = (
				7BDF9BC22A75179300C01053 /* README.md in Resources */,
				7BAA844C2A728DE50029BF44 /* Preview Assets.xcassets in Resources */,
				7BAA84492A728DE50029BF44 /* Assets.xcassets in Resources */,
			);
			runOnlyForDeploymentPostprocessing = 0;
		};
/* End PBXResourcesBuildPhase section */

/* Begin PBXSourcesBuildPhase section */
		7BAA843D2A728DE40029BF44 /* Sources */ = {
			isa = PBXSourcesBuildPhase;
			buildActionMask = 2147483647;
			files = (
				7BAA84532A737F9A0029BF44 /* FilterKernel.ci.metal in Sources */,
				7BF8B66D2A74F50F0030EC36 /* ImageFilter.swift in Sources */,
				7BF8B66F2A74F5750030EC36 /* BrightnessFilter.swift in Sources */,
				7BAA84562A73831F0029BF44 /* PhotoRedactorViewModel.swift in Sources */,
				7BAA84472A728DE40029BF44 /* PhotoRedactorView.swift in Sources */,
				7BF8B6742A74F8EA0030EC36 /* UIImage+stub.swift in Sources */,
				7BAA84452A728DE40029BF44 /* AwesomePhotoRedactorApp.swift in Sources */,
			);
			runOnlyForDeploymentPostprocessing = 0;
		};
/* End PBXSourcesBuildPhase section */

/* Begin XCBuildConfiguration section */
		7BAA844D2A728DE50029BF44 /* Debug */ = {
			isa = XCBuildConfiguration;
			buildSettings = {
				ALWAYS_SEARCH_USER_PATHS = NO;
				CLANG_ANALYZER_NONNULL = YES;
				CLANG_ANALYZER_NUMBER_OBJECT_CONVERSION = YES_AGGRESSIVE;
				CLANG_CXX_LANGUAGE_STANDARD = "gnu++20";
				CLANG_ENABLE_MODULES = YES;
				CLANG_ENABLE_OBJC_ARC = YES;
				CLANG_ENABLE_OBJC_WEAK = YES;
				CLANG_WARN_BLOCK_CAPTURE_AUTORELEASING = YES;
				CLANG_WARN_BOOL_CONVERSION = YES;
				CLANG_WARN_COMMA = YES;
				CLANG_WARN_CONSTANT_CONVERSION = YES;
				CLANG_WARN_DEPRECATED_OBJC_IMPLEMENTATIONS = YES;
				CLANG_WARN_DIRECT_OBJC_ISA_USAGE = YES_ERROR;
				CLANG_WARN_DOCUMENTATION_COMMENTS = YES;
				CLANG_WARN_EMPTY_BODY = YES;
				CLANG_WARN_ENUM_CONVERSION = YES;
				CLANG_WARN_INFINITE_RECURSION = YES;
				CLANG_WARN_INT_CONVERSION = YES;
				CLANG_WARN_NON_LITERAL_NULL_CONVERSION = YES;
				CLANG_WARN_OBJC_IMPLICIT_RETAIN_SELF = YES;
				CLANG_WARN_OBJC_LITERAL_CONVERSION = YES;
				CLANG_WARN_OBJC_ROOT_CLASS = YES_ERROR;
				CLANG_WARN_QUOTED_INCLUDE_IN_FRAMEWORK_HEADER = YES;
				CLANG_WARN_RANGE_LOOP_ANALYSIS = YES;
				CLANG_WARN_STRICT_PROTOTYPES = YES;
				CLANG_WARN_SUSPICIOUS_MOVE = YES;
				CLANG_WARN_UNGUARDED_AVAILABILITY = YES_AGGRESSIVE;
				CLANG_WARN_UNREACHABLE_CODE = YES;
				CLANG_WARN__DUPLICATE_METHOD_MATCH = YES;
				COPY_PHASE_STRIP = NO;
				DEBUG_INFORMATION_FORMAT = dwarf;
				ENABLE_STRICT_OBJC_MSGSEND = YES;
				ENABLE_TESTABILITY = YES;
				GCC_C_LANGUAGE_STANDARD = gnu11;
				GCC_DYNAMIC_NO_PIC = NO;
				GCC_NO_COMMON_BLOCKS = YES;
				GCC_OPTIMIZATION_LEVEL = 0;
				GCC_PREPROCESSOR_DEFINITIONS = (
					"DEBUG=1",
					"$(inherited)",
				);
				GCC_WARN_64_TO_32_BIT_CONVERSION = YES;
				GCC_WARN_ABOUT_RETURN_TYPE = YES_ERROR;
				GCC_WARN_UNDECLARED_SELECTOR = YES;
				GCC_WARN_UNINITIALIZED_AUTOS = YES_AGGRESSIVE;
				GCC_WARN_UNUSED_FUNCTION = YES;
				GCC_WARN_UNUSED_VARIABLE = YES;
				IPHONEOS_DEPLOYMENT_TARGET = 15.0;
				MTL_COMPILER_FLAGS = "-fcikernel";
				MTL_ENABLE_DEBUG_INFO = INCLUDE_SOURCE;
				MTL_FAST_MATH = YES;
				ONLY_ACTIVE_ARCH = YES;
				SDKROOT = iphoneos;
				SWIFT_ACTIVE_COMPILATION_CONDITIONS = DEBUG;
				SWIFT_OPTIMIZATION_LEVEL = "-Onone";
			};
			name = Debug;
		};
		7BAA844E2A728DE50029BF44 /* Release */ = {
			isa = XCBuildConfiguration;
			buildSettings = {
				ALWAYS_SEARCH_USER_PATHS = NO;
				CLANG_ANALYZER_NONNULL = YES;
				CLANG_ANALYZER_NUMBER_OBJECT_CONVERSION = YES_AGGRESSIVE;
				CLANG_CXX_LANGUAGE_STANDARD = "gnu++20";
				CLANG_ENABLE_MODULES = YES;
				CLANG_ENABLE_OBJC_ARC = YES;
				CLANG_ENABLE_OBJC_WEAK = YES;
				CLANG_WARN_BLOCK_CAPTURE_AUTORELEASING = YES;
				CLANG_WARN_BOOL_CONVERSION = YES;
				CLANG_WARN_COMMA = YES;
				CLANG_WARN_CONSTANT_CONVERSION = YES;
				CLANG_WARN_DEPRECATED_OBJC_IMPLEMENTATIONS = YES;
				CLANG_WARN_DIRECT_OBJC_ISA_USAGE = YES_ERROR;
				CLANG_WARN_DOCUMENTATION_COMMENTS = YES;
				CLANG_WARN_EMPTY_BODY = YES;
				CLANG_WARN_ENUM_CONVERSION = YES;
				CLANG_WARN_INFINITE_RECURSION = YES;
				CLANG_WARN_INT_CONVERSION = YES;
				CLANG_WARN_NON_LITERAL_NULL_CONVERSION = YES;
				CLANG_WARN_OBJC_IMPLICIT_RETAIN_SELF = YES;
				CLANG_WARN_OBJC_LITERAL_CONVERSION = YES;
				CLANG_WARN_OBJC_ROOT_CLASS = YES_ERROR;
				CLANG_WARN_QUOTED_INCLUDE_IN_FRAMEWORK_HEADER = YES;
				CLANG_WARN_RANGE_LOOP_ANALYSIS = YES;
				CLANG_WARN_STRICT_PROTOTYPES = YES;
				CLANG_WARN_SUSPICIOUS_MOVE = YES;
				CLANG_WARN_UNGUARDED_AVAILABILITY = YES_AGGRESSIVE;
				CLANG_WARN_UNREACHABLE_CODE = YES;
				CLANG_WARN__DUPLICATE_METHOD_MATCH = YES;
				COPY_PHASE_STRIP = NO;
				DEBUG_INFORMATION_FORMAT = "dwarf-with-dsym";
				ENABLE_NS_ASSERTIONS = NO;
				ENABLE_STRICT_OBJC_MSGSEND = YES;
				GCC_C_LANGUAGE_STANDARD = gnu11;
				GCC_NO_COMMON_BLOCKS = YES;
				GCC_WARN_64_TO_32_BIT_CONVERSION = YES;
				GCC_WARN_ABOUT_RETURN_TYPE = YES_ERROR;
				GCC_WARN_UNDECLARED_SELECTOR = YES;
				GCC_WARN_UNINITIALIZED_AUTOS = YES_AGGRESSIVE;
				GCC_WARN_UNUSED_FUNCTION = YES;
				GCC_WARN_UNUSED_VARIABLE = YES;
				IPHONEOS_DEPLOYMENT_TARGET = 15.0;
				MTL_COMPILER_FLAGS = "-fcikernel";
				MTL_ENABLE_DEBUG_INFO = NO;
				MTL_FAST_MATH = YES;
				SDKROOT = iphoneos;
				SWIFT_COMPILATION_MODE = wholemodule;
				SWIFT_OPTIMIZATION_LEVEL = "-O";
				VALIDATE_PRODUCT = YES;
			};
			name = Release;
		};
		7BAA84502A728DE50029BF44 /* Debug */ = {
			isa = XCBuildConfiguration;
			buildSettings = {
				ASSETCATALOG_COMPILER_APPICON_NAME = AppIcon;
				ASSETCATALOG_COMPILER_GLOBAL_ACCENT_COLOR_NAME = AccentColor;
				CODE_SIGN_STYLE = Automatic;
				CURRENT_PROJECT_VERSION = 1;
				DEVELOPMENT_ASSET_PATHS = "\"AwesomePhotoRedactor/Preview Content\"";
				DEVELOPMENT_TEAM = R62A77VK74;
				ENABLE_PREVIEWS = YES;
				GENERATE_INFOPLIST_FILE = YES;
				INFOPLIST_KEY_LSApplicationCategoryType = "public.app-category.photography";
				INFOPLIST_KEY_UIApplicationSceneManifest_Generation = YES;
				INFOPLIST_KEY_UIApplicationSupportsIndirectInputEvents = YES;
				INFOPLIST_KEY_UILaunchScreen_Generation = YES;
				INFOPLIST_KEY_UISupportedInterfaceOrientations_iPad = "UIInterfaceOrientationPortrait UIInterfaceOrientationPortraitUpsideDown UIInterfaceOrientationLandscapeLeft UIInterfaceOrientationLandscapeRight";
				INFOPLIST_KEY_UISupportedInterfaceOrientations_iPhone = "UIInterfaceOrientationPortrait UIInterfaceOrientationLandscapeLeft UIInterfaceOrientationLandscapeRight";
				IPHONEOS_DEPLOYMENT_TARGET = 15.0;
				LD_RUNPATH_SEARCH_PATHS = (
					"$(inherited)",
					"@executable_path/Frameworks",
				);
				MARKETING_VERSION = 1.0;
				MTLLINKER_FLAGS = "-fcikernel";
				NEW_SETTING = "";
				PRODUCT_BUNDLE_IDENTIFIER = stolenhen.AwesomePhotoRedactor;
				PRODUCT_NAME = "$(TARGET_NAME)";
				SWIFT_EMIT_LOC_STRINGS = YES;
				SWIFT_VERSION = 5.0;
				TARGETED_DEVICE_FAMILY = "1,2";
			};
			name = Debug;
		};
		7BAA84512A728DE50029BF44 /* Release */ = {
			isa = XCBuildConfiguration;
			buildSettings = {
				ASSETCATALOG_COMPILER_APPICON_NAME = AppIcon;
				ASSETCATALOG_COMPILER_GLOBAL_ACCENT_COLOR_NAME = AccentColor;
				CODE_SIGN_STYLE = Automatic;
				CURRENT_PROJECT_VERSION = 1;
				DEVELOPMENT_ASSET_PATHS = "\"AwesomePhotoRedactor/Preview Content\"";
				DEVELOPMENT_TEAM = R62A77VK74;
				ENABLE_PREVIEWS = YES;
				GENERATE_INFOPLIST_FILE = YES;
				INFOPLIST_KEY_LSApplicationCategoryType = "public.app-category.photography";
				INFOPLIST_KEY_UIApplicationSceneManifest_Generation = YES;
				INFOPLIST_KEY_UIApplicationSupportsIndirectInputEvents = YES;
				INFOPLIST_KEY_UILaunchScreen_Generation = YES;
				INFOPLIST_KEY_UISupportedInterfaceOrientations_iPad = "UIInterfaceOrientationPortrait UIInterfaceOrientationPortraitUpsideDown UIInterfaceOrientationLandscapeLeft UIInterfaceOrientationLandscapeRight";
				INFOPLIST_KEY_UISupportedInterfaceOrientations_iPhone = "UIInterfaceOrientationPortrait UIInterfaceOrientationLandscapeLeft UIInterfaceOrientationLandscapeRight";
				IPHONEOS_DEPLOYMENT_TARGET = 15.0;
				LD_RUNPATH_SEARCH_PATHS = (
					"$(inherited)",
					"@executable_path/Frameworks",
				);
				MARKETING_VERSION = 1.0;
				MTLLINKER_FLAGS = "-fcikernel";
				NEW_SETTING = "";
				PRODUCT_BUNDLE_IDENTIFIER = stolenhen.AwesomePhotoRedactor;
				PRODUCT_NAME = "$(TARGET_NAME)";
				SWIFT_EMIT_LOC_STRINGS = YES;
				SWIFT_VERSION = 5.0;
				TARGETED_DEVICE_FAMILY = "1,2";
			};
			name = Release;
		};
/* End XCBuildConfiguration section */

/* Begin XCConfigurationList section */
		7BAA843C2A728DE40029BF44 /* Build configuration list for PBXProject "AwesomePhotoRedactor" */ = {
			isa = XCConfigurationList;
			buildConfigurations = (
				7BAA844D2A728DE50029BF44 /* Debug */,
				7BAA844E2A728DE50029BF44 /* Release */,
			);
			defaultConfigurationIsVisible = 0;
			defaultConfigurationName = Release;
		};
		7BAA844F2A728DE50029BF44 /* Build configuration list for PBXNativeTarget "AwesomePhotoRedactor" */ = {
			isa = XCConfigurationList;
			buildConfigurations = (
				7BAA84502A728DE50029BF44 /* Debug */,
				7BAA84512A728DE50029BF44 /* Release */,
			);
			defaultConfigurationIsVisible = 0;
			defaultConfigurationName = Release;
		};
/* End XCConfigurationList section */
	};
	rootObject = 7BAA84392A728DE40029BF44 /* Project object */;
}
